
Microsoft Visual Studio Solution File, Format Version 12.00
# Visual Studio Version 17
VisualStudioVersion = 17.14.36429.23 d17.14
MinimumVisualStudioVersion = 10.0.40219.1
Project("{2150E333-8FDC-42A3-9474-1A3956D46DE8}") = "src", "src", "{02EA681E-C7D8-13C7-8484-4AC65E1B71E8}"
EndProject
Project("{FAE04EC0-301F-11D3-BF4B-00C04F79EFBC}") = "Api", "Api\Api.csproj", "{1B859445-603D-4BA8-BDD4-818E1D4FF2BC}"
EndProject
Project("{FAE04EC0-301F-11D3-BF4B-00C04F79EFBC}") = "Domain", "Domain\Domain.csproj", "{CDAC3B51-4B1A-4C4D-B86B-7CCA56D896E5}"
EndProject
Project("{FAE04EC0-301F-11D3-BF4B-00C04F79EFBC}") = "Application", "Application\Application.csproj", "{7755C07A-4068-4356-9F39-43264B670265}"
EndProject
Project("{FAE04EC0-301F-11D3-BF4B-00C04F79EFBC}") = "Infrastructure", "Infrastructure\Infrastructure.csproj", "{1F72F96B-DB63-4C23-AEA9-AC139466603C}"
EndProject
Project("{FAE04EC0-301F-11D3-BF4B-00C04F79EFBC}") = "Shared", "Shared\Shared.csproj", "{3C855AA4-E509-46A4-AB73-36F6BB108550}"
EndProject
Project("{2150E333-8FDC-42A3-9474-1A3956D46DE8}") = "tests", "tests", "{A66B6410-DE32-4EAA-BB79-FC6D099FD2D4}"
EndProject
Project("{FAE04EC0-301F-11D3-BF4B-00C04F79EFBC}") = "UnitTest", "UnitTest\UnitTest.csproj", "{A43C1A28-30C0-4115-806B-E92487638593}"
EndProject
Project("{FAE04EC0-301F-11D3-BF4B-00C04F79EFBC}") = "Integration", "Integration\Integration.csproj", "{341FD5C5-6592-4006-BD28-A7D7DE4F3956}"
EndProject
Project("{FAE04EC0-301F-11D3-BF4B-00C04F79EFBC}") = "E2E", "E2E\E2E.csproj", "{C1BB1A9D-B8D3-4C15-A2EF-B1B96D58463E}"
EndProject
Global
	GlobalSection(SolutionConfigurationPlatforms) = preSolution
		Debug|Any CPU = Debug|Any CPU
		Release|Any CPU = Release|Any CPU
	EndGlobalSection
	GlobalSection(ProjectConfigurationPlatforms) = postSolution
		{1B859445-603D-4BA8-BDD4-818E1D4FF2BC}.Debug|Any CPU.ActiveCfg = Debug|Any CPU
		{1B859445-603D-4BA8-BDD4-818E1D4FF2BC}.Debug|Any CPU.Build.0 = Debug|Any CPU
		{1B859445-603D-4BA8-BDD4-818E1D4FF2BC}.Release|Any CPU.ActiveCfg = Release|Any CPU
		{1B859445-603D-4BA8-BDD4-818E1D4FF2BC}.Release|Any CPU.Build.0 = Release|Any CPU
		{CDAC3B51-4B1A-4C4D-B86B-7CCA56D896E5}.Debug|Any CPU.ActiveCfg = Debug|Any CPU
		{CDAC3B51-4B1A-4C4D-B86B-7CCA56D896E5}.Debug|Any CPU.Build.0 = Debug|Any CPU
		{CDAC3B51-4B1A-4C4D-B86B-7CCA56D896E5}.Release|Any CPU.ActiveCfg = Release|Any CPU
		{CDAC3B51-4B1A-4C4D-B86B-7CCA56D896E5}.Release|Any CPU.Build.0 = Release|Any CPU
		{7755C07A-4068-4356-9F39-43264B670265}.Debug|Any CPU.ActiveCfg = Debug|Any CPU
		{7755C07A-4068-4356-9F39-43264B670265}.Debug|Any CPU.Build.0 = Debug|Any CPU
		{7755C07A-4068-4356-9F39-43264B670265}.Release|Any CPU.ActiveCfg = Release|Any CPU
		{7755C07A-4068-4356-9F39-43264B670265}.Release|Any CPU.Build.0 = Release|Any CPU
		{1F72F96B-DB63-4C23-AEA9-AC139466603C}.Debug|Any CPU.ActiveCfg = Debug|Any CPU
		{1F72F96B-DB63-4C23-AEA9-AC139466603C}.Debug|Any CPU.Build.0 = Debug|Any CPU
		{1F72F96B-DB63-4C23-AEA9-AC139466603C}.Release|Any CPU.ActiveCfg = Release|Any CPU
		{1F72F96B-DB63-4C23-AEA9-AC139466603C}.Release|Any CPU.Build.0 = Release|Any CPU
		{3C855AA4-E509-46A4-AB73-36F6BB108550}.Debug|Any CPU.ActiveCfg = Debug|Any CPU
		{3C855AA4-E509-46A4-AB73-36F6BB108550}.Debug|Any CPU.Build.0 = Debug|Any CPU
		{3C855AA4-E509-46A4-AB73-36F6BB108550}.Release|Any CPU.ActiveCfg = Release|Any CPU
		{3C855AA4-E509-46A4-AB73-36F6BB108550}.Release|Any CPU.Build.0 = Release|Any CPU
		{A43C1A28-30C0-4115-806B-E92487638593}.Debug|Any CPU.ActiveCfg = Debug|Any CPU
		{A43C1A28-30C0-4115-806B-E92487638593}.Debug|Any CPU.Build.0 = Debug|Any CPU
		{A43C1A28-30C0-4115-806B-E92487638593}.Release|Any CPU.ActiveCfg = Release|Any CPU
		{A43C1A28-30C0-4115-806B-E92487638593}.Release|Any CPU.Build.0 = Release|Any CPU
		{341FD5C5-6592-4006-BD28-A7D7DE4F3956}.Debug|Any CPU.ActiveCfg = Debug|Any CPU
		{341FD5C5-6592-4006-BD28-A7D7DE4F3956}.Debug|Any CPU.Build.0 = Debug|Any CPU
		{341FD5C5-6592-4006-BD28-A7D7DE4F3956}.Release|Any CPU.ActiveCfg = Release|Any CPU
		{341FD5C5-6592-4006-BD28-A7D7DE4F3956}.Release|Any CPU.Build.0 = Release|Any CPU
		{C1BB1A9D-B8D3-4C15-A2EF-B1B96D58463E}.Debug|Any CPU.ActiveCfg = Debug|Any CPU
		{C1BB1A9D-B8D3-4C15-A2EF-B1B96D58463E}.Debug|Any CPU.Build.0 = Debug|Any CPU
		{C1BB1A9D-B8D3-4C15-A2EF-B1B96D58463E}.Release|Any CPU.ActiveCfg = Release|Any CPU
		{C1BB1A9D-B8D3-4C15-A2EF-B1B96D58463E}.Release|Any CPU.Build.0 = Release|Any CPU
	EndGlobalSection
	GlobalSection(SolutionProperties) = preSolution
		HideSolutionNode = FALSE
	EndGlobalSection
	GlobalSection(NestedProjects) = preSolution
		{1B859445-603D-4BA8-BDD4-818E1D4FF2BC} = {02EA681E-C7D8-13C7-8484-4AC65E1B71E8}
		{CDAC3B51-4B1A-4C4D-B86B-7CCA56D896E5} = {02EA681E-C7D8-13C7-8484-4AC65E1B71E8}
		{7755C07A-4068-4356-9F39-43264B670265} = {02EA681E-C7D8-13C7-8484-4AC65E1B71E8}
		{1F72F96B-DB63-4C23-AEA9-AC139466603C} = {02EA681E-C7D8-13C7-8484-4AC65E1B71E8}
		{3C855AA4-E509-46A4-AB73-36F6BB108550} = {02EA681E-C7D8-13C7-8484-4AC65E1B71E8}
		{A43C1A28-30C0-4115-806B-E92487638593} = {A66B6410-DE32-4EAA-BB79-FC6D099FD2D4}
		{341FD5C5-6592-4006-BD28-A7D7DE4F3956} = {A66B6410-DE32-4EAA-BB79-FC6D099FD2D4}
		{C1BB1A9D-B8D3-4C15-A2EF-B1B96D58463E} = {A66B6410-DE32-4EAA-BB79-FC6D099FD2D4}
	EndGlobalSection
	GlobalSection(ExtensibilityGlobals) = postSolution
		SolutionGuid = {DA194EE2-4E69-429D-A37B-3224D7EEC1D5}
	EndGlobalSection
EndGlobal
